
Microsoft Visual Studio Solution File, Format Version 12.00
# Visual Studio Version 16
VisualStudioVersion = 16.0.31005.135
MinimumVisualStudioVersion = 10.0.40219.1
Project("{FAE04EC0-301F-11D3-BF4B-00C04F79EFBC}") = "TCPServer", "TCPServer\TCPServer.csproj", "{A5E9379E-1FD2-42A2-B17A-B537C46FE17A}"
EndProject
Project("{FAE04EC0-301F-11D3-BF4B-00C04F79EFBC}") = "TCPClient", "TCPClient\TCPClient.csproj", "{4613B05F-A568-49B9-8D19-932A3246FA16}"
EndProject
Global
	GlobalSection(SolutionConfigurationPlatforms) = preSolution
		Debug|Any CPU = Debug|Any CPU
		Release|Any CPU = Release|Any CPU
	EndGlobalSection
	GlobalSection(ProjectConfigurationPlatforms) = postSolution
		{A5E9379E-1FD2-42A2-B17A-B537C46FE17A}.Debug|Any CPU.ActiveCfg = Debug|Any CPU
		{A5E9379E-1FD2-42A2-B17A-B537C46FE17A}.Debug|Any CPU.Build.0 = Debug|Any CPU
		{A5E9379E-1FD2-42A2-B17A-B537C46FE17A}.Release|Any CPU.ActiveCfg = Release|Any CPU
		{A5E9379E-1FD2-42A2-B17A-B537C46FE17A}.Release|Any CPU.Build.0 = Release|Any CPU
		{4613B05F-A568-49B9-8D19-932A3246FA16}.Debug|Any CPU.ActiveCfg = Debug|Any CPU
		{4613B05F-A568-49B9-8D19-932A3246FA16}.Debug|Any CPU.Build.0 = Debug|Any CPU
		{4613B05F-A568-49B9-8D19-932A3246FA16}.Release|Any CPU.ActiveCfg = Release|Any CPU
		{4613B05F-A568-49B9-8D19-932A3246FA16}.Release|Any CPU.Build.0 = Release|Any CPU
	EndGlobalSection
	GlobalSection(SolutionProperties) = preSolution
		HideSolutionNode = FALSE
	EndGlobalSection
	GlobalSection(ExtensibilityGlobals) = postSolution
		SolutionGuid = {6D0F3116-048B-47A4-8F12-FEC3DE1040B6}
	EndGlobalSection
EndGlobal
